// !$*UTF8*$!
{
	archiveVersion = 1;
	classes = {
	};
	objectVersion = 46;
	objects = {

/* Begin PBXBuildFile section */
		B80337B21E8D93BC00EB618D /* SuccessController.swift in Sources */ = {isa = PBXBuildFile; fileRef = B80337B11E8D93BC00EB618D /* SuccessController.swift */; };
		B80337B61E8DBAA500EB618D /* onay.jpg in Resources */ = {isa = PBXBuildFile; fileRef = B80337B51E8DBAA500EB618D /* onay.jpg */; };
		B80C83971E7C4F3900165F0B /* MainPageController.swift in Sources */ = {isa = PBXBuildFile; fileRef = B80C83961E7C4F3900165F0B /* MainPageController.swift */; };
		B80C83991E7C55F400165F0B /* MobilePINController.swift in Sources */ = {isa = PBXBuildFile; fileRef = B80C83981E7C55F400165F0B /* MobilePINController.swift */; };
		B82919591E79308A006146ED /* AppDelegate.swift in Sources */ = {isa = PBXBuildFile; fileRef = B82919581E79308A006146ED /* AppDelegate.swift */; };
		B82919621E79308A006146ED /* Main.storyboard in Resources */ = {isa = PBXBuildFile; fileRef = B82919601E79308A006146ED /* Main.storyboard */; };
		B82919641E79308A006146ED /* Assets.xcassets in Resources */ = {isa = PBXBuildFile; fileRef = B82919631E79308A006146ED /* Assets.xcassets */; };
		B82919671E79308A006146ED /* LaunchScreen.storyboard in Resources */ = {isa = PBXBuildFile; fileRef = B82919651E79308A006146ED /* LaunchScreen.storyboard */; };
		B83807CB1E9E804A006C1FF4 /* MapKit.framework in Frameworks */ = {isa = PBXBuildFile; fileRef = B83807CA1E9E804A006C1FF4 /* MapKit.framework */; };
		B83807CD1E9E8D0A006C1FF4 /* Intents.framework in Frameworks */ = {isa = PBXBuildFile; fileRef = B83807CC1E9E8D0A006C1FF4 /* Intents.framework */; };
		B83D6E0E1E7C4ABD00CD3DE7 /* LoginController.swift in Sources */ = {isa = PBXBuildFile; fileRef = B83D6E0D1E7C4ABD00CD3DE7 /* LoginController.swift */; };
		B842CC881E8B23610021E291 /* MobilePINRegisterController.swift in Sources */ = {isa = PBXBuildFile; fileRef = B842CC871E8B23610021E291 /* MobilePINRegisterController.swift */; };
		B842CC8A1E8B25E00021E291 /* User.swift in Sources */ = {isa = PBXBuildFile; fileRef = B842CC891E8B25E00021E291 /* User.swift */; };
		B842CC8C1E8B2E6E0021E291 /* ShowMobilePINController.swift in Sources */ = {isa = PBXBuildFile; fileRef = B842CC8B1E8B2E6E0021E291 /* ShowMobilePINController.swift */; };
		B86199531EA9456400E23B58 /* MapController.swift in Sources */ = {isa = PBXBuildFile; fileRef = B86199521EA9456400E23B58 /* MapController.swift */; };
		B86199551EA98CD700E23B58 /* ATMLocations.plist in Resources */ = {isa = PBXBuildFile; fileRef = B86199541EA98CD700E23B58 /* ATMLocations.plist */; };
		B86199571EA98DC100E23B58 /* GetLocations.swift in Sources */ = {isa = PBXBuildFile; fileRef = B86199561EA98DC100E23B58 /* GetLocations.swift */; };
		B861995B1EA9977C00E23B58 /* location_pin.png in Resources */ = {isa = PBXBuildFile; fileRef = B861995A1EA9977C00E23B58 /* location_pin.png */; };
		B88E52681E79398700BC4A35 /* icon_INGBank.png in Resources */ = {isa = PBXBuildFile; fileRef = B88E52651E79398700BC4A35 /* icon_INGBank.png */; };
		B88E52691E79398700BC4A35 /* ING_Bank_logo.jpg in Resources */ = {isa = PBXBuildFile; fileRef = B88E52661E79398700BC4A35 /* ING_Bank_logo.jpg */; };
		B88E526A1E79398700BC4A35 /* launch_INGBank.jpg in Resources */ = {isa = PBXBuildFile; fileRef = B88E52671E79398700BC4A35 /* launch_INGBank.jpg */; };
		B8986D761E7C0B14004913CE /* GoogleService-Info.plist in Resources */ = {isa = PBXBuildFile; fileRef = B8986D751E7C0B14004913CE /* GoogleService-Info.plist */; };
		B8C9256A1EA4086C0076D0A2 /* RemittanceController.swift in Sources */ = {isa = PBXBuildFile; fileRef = B8C925691EA4086C0076D0A2 /* RemittanceController.swift */; };
		B8C9256C1EA40F900076D0A2 /* ConfirmController.swift in Sources */ = {isa = PBXBuildFile; fileRef = B8C9256B1EA40F900076D0A2 /* ConfirmController.swift */; };
		B8C9256E1EA4116C0076D0A2 /* Transaction.swift in Sources */ = {isa = PBXBuildFile; fileRef = B8C9256D1EA4116C0076D0A2 /* Transaction.swift */; };
		B8CC28AE1E99777D00BEE377 /* line.png in Resources */ = {isa = PBXBuildFile; fileRef = B8CC28AD1E99777D00BEE377 /* line.png */; };
		F5EB48D6D3710F3002179E23 /* Pods_BBCBank.framework in Frameworks */ = {isa = PBXBuildFile; fileRef = 29DCD21239E5FC994794031F /* Pods_BBCBank.framework */; };
/* End PBXBuildFile section */

/* Begin PBXCopyFilesBuildPhase section */
		B8A819BE1E9E944A0016B995 /* Embed App Extensions */ = {
			isa = PBXCopyFilesBuildPhase;
			buildActionMask = 2147483647;
			dstPath = "";
			dstSubfolderSpec = 13;
			files = (
			);
			name = "Embed App Extensions";
			runOnlyForDeploymentPostprocessing = 0;
		};
/* End PBXCopyFilesBuildPhase section */

/* Begin PBXFileReference section */
		04C923E9C1F12D8E265CCFC9 /* Pods-BBCBankTests.release.xcconfig */ = {isa = PBXFileReference; includeInIndex = 1; lastKnownFileType = text.xcconfig; name = "Pods-BBCBankTests.release.xcconfig"; path = "Pods/Target Support Files/Pods-BBCBankTests/Pods-BBCBankTests.release.xcconfig"; sourceTree = "<group>"; };
		07F2AE33E8127EBB1A98AEB5 /* Pods-BBCBankTests.debug.xcconfig */ = {isa = PBXFileReference; includeInIndex = 1; lastKnownFileType = text.xcconfig; name = "Pods-BBCBankTests.debug.xcconfig"; path = "Pods/Target Support Files/Pods-BBCBankTests/Pods-BBCBankTests.debug.xcconfig"; sourceTree = "<group>"; };
		29DCD21239E5FC994794031F /* Pods_BBCBank.framework */ = {isa = PBXFileReference; explicitFileType = wrapper.framework; includeInIndex = 0; path = Pods_BBCBank.framework; sourceTree = BUILT_PRODUCTS_DIR; };
		366E869C0AC8BAD965C39BA9 /* Pods-BBCBank.release.xcconfig */ = {isa = PBXFileReference; includeInIndex = 1; lastKnownFileType = text.xcconfig; name = "Pods-BBCBank.release.xcconfig"; path = "Pods/Target Support Files/Pods-BBCBank/Pods-BBCBank.release.xcconfig"; sourceTree = "<group>"; };
		539D66EAD4C62EBEADFE6B3E /* Pods-BBCBankUITests.release.xcconfig */ = {isa = PBXFileReference; includeInIndex = 1; lastKnownFileType = text.xcconfig; name = "Pods-BBCBankUITests.release.xcconfig"; path = "Pods/Target Support Files/Pods-BBCBankUITests/Pods-BBCBankUITests.release.xcconfig"; sourceTree = "<group>"; };
		5F54BBFDF30553E49336FA8C /* Pods_BBCBankTests.framework */ = {isa = PBXFileReference; explicitFileType = wrapper.framework; includeInIndex = 0; path = Pods_BBCBankTests.framework; sourceTree = BUILT_PRODUCTS_DIR; };
		6333E34AE6E28875CBC42DA4 /* Pods-BBCBankUITests.debug.xcconfig */ = {isa = PBXFileReference; includeInIndex = 1; lastKnownFileType = text.xcconfig; name = "Pods-BBCBankUITests.debug.xcconfig"; path = "Pods/Target Support Files/Pods-BBCBankUITests/Pods-BBCBankUITests.debug.xcconfig"; sourceTree = "<group>"; };
		7E3FA709489A1B0A376C44EE /* Pods_BBCBankUITests.framework */ = {isa = PBXFileReference; explicitFileType = wrapper.framework; includeInIndex = 0; path = Pods_BBCBankUITests.framework; sourceTree = BUILT_PRODUCTS_DIR; };
		B80337B11E8D93BC00EB618D /* SuccessController.swift */ = {isa = PBXFileReference; fileEncoding = 4; lastKnownFileType = sourcecode.swift; path = SuccessController.swift; sourceTree = "<group>"; };
		B80337B51E8DBAA500EB618D /* onay.jpg */ = {isa = PBXFileReference; lastKnownFileType = image.jpeg; path = onay.jpg; sourceTree = "<group>"; };
		B80C83961E7C4F3900165F0B /* MainPageController.swift */ = {isa = PBXFileReference; fileEncoding = 4; lastKnownFileType = sourcecode.swift; path = MainPageController.swift; sourceTree = "<group>"; };
		B80C83981E7C55F400165F0B /* MobilePINController.swift */ = {isa = PBXFileReference; fileEncoding = 4; lastKnownFileType = sourcecode.swift; path = MobilePINController.swift; sourceTree = "<group>"; };
		B82919551E79308A006146ED /* BBCBank.app */ = {isa = PBXFileReference; explicitFileType = wrapper.application; includeInIndex = 0; path = BBCBank.app; sourceTree = BUILT_PRODUCTS_DIR; };
		B82919581E79308A006146ED /* AppDelegate.swift */ = {isa = PBXFileReference; lastKnownFileType = sourcecode.swift; path = AppDelegate.swift; sourceTree = "<group>"; };
		B82919611E79308A006146ED /* Base */ = {isa = PBXFileReference; lastKnownFileType = file.storyboard; name = Base; path = Base.lproj/Main.storyboard; sourceTree = "<group>"; };
		B82919631E79308A006146ED /* Assets.xcassets */ = {isa = PBXFileReference; lastKnownFileType = folder.assetcatalog; path = Assets.xcassets; sourceTree = "<group>"; };
		B82919661E79308A006146ED /* Base */ = {isa = PBXFileReference; lastKnownFileType = file.storyboard; name = Base; path = Base.lproj/LaunchScreen.storyboard; sourceTree = "<group>"; };
		B82919681E79308A006146ED /* Info.plist */ = {isa = PBXFileReference; lastKnownFileType = text.plist.xml; path = Info.plist; sourceTree = "<group>"; };
		B82919711E79308A006146ED /* BBCBankTests.swift */ = {isa = PBXFileReference; lastKnownFileType = sourcecode.swift; path = BBCBankTests.swift; sourceTree = "<group>"; };
		B82919731E79308A006146ED /* Info.plist */ = {isa = PBXFileReference; lastKnownFileType = text.plist.xml; path = Info.plist; sourceTree = "<group>"; };
		B829197C1E79308A006146ED /* BBCBankUITests.swift */ = {isa = PBXFileReference; lastKnownFileType = sourcecode.swift; path = BBCBankUITests.swift; sourceTree = "<group>"; };
		B829197E1E79308A006146ED /* Info.plist */ = {isa = PBXFileReference; lastKnownFileType = text.plist.xml; path = Info.plist; sourceTree = "<group>"; };
		B83807C71E9E8030006C1FF4 /* BBCBank.entitlements */ = {isa = PBXFileReference; lastKnownFileType = text.plist.entitlements; path = BBCBank.entitlements; sourceTree = "<group>"; };
		B83807CA1E9E804A006C1FF4 /* MapKit.framework */ = {isa = PBXFileReference; lastKnownFileType = wrapper.framework; name = MapKit.framework; path = System/Library/Frameworks/MapKit.framework; sourceTree = SDKROOT; };
		B83807CC1E9E8D0A006C1FF4 /* Intents.framework */ = {isa = PBXFileReference; lastKnownFileType = wrapper.framework; name = Intents.framework; path = System/Library/Frameworks/Intents.framework; sourceTree = SDKROOT; };
		B83807DC1E9E8F38006C1FF4 /* IntentsUI.framework */ = {isa = PBXFileReference; lastKnownFileType = wrapper.framework; name = IntentsUI.framework; path = System/Library/Frameworks/IntentsUI.framework; sourceTree = SDKROOT; };
		B83D6E0D1E7C4ABD00CD3DE7 /* LoginController.swift */ = {isa = PBXFileReference; fileEncoding = 4; lastKnownFileType = sourcecode.swift; path = LoginController.swift; sourceTree = "<group>"; };
		B842CC871E8B23610021E291 /* MobilePINRegisterController.swift */ = {isa = PBXFileReference; fileEncoding = 4; lastKnownFileType = sourcecode.swift; path = MobilePINRegisterController.swift; sourceTree = "<group>"; };
		B842CC891E8B25E00021E291 /* User.swift */ = {isa = PBXFileReference; fileEncoding = 4; lastKnownFileType = sourcecode.swift; path = User.swift; sourceTree = "<group>"; };
		B842CC8B1E8B2E6E0021E291 /* ShowMobilePINController.swift */ = {isa = PBXFileReference; fileEncoding = 4; lastKnownFileType = sourcecode.swift; path = ShowMobilePINController.swift; sourceTree = "<group>"; };
		B86199521EA9456400E23B58 /* MapController.swift */ = {isa = PBXFileReference; fileEncoding = 4; lastKnownFileType = sourcecode.swift; path = MapController.swift; sourceTree = "<group>"; };
		B86199541EA98CD700E23B58 /* ATMLocations.plist */ = {isa = PBXFileReference; fileEncoding = 4; lastKnownFileType = text.plist.xml; path = ATMLocations.plist; sourceTree = "<group>"; };
		B86199561EA98DC100E23B58 /* GetLocations.swift */ = {isa = PBXFileReference; fileEncoding = 4; lastKnownFileType = sourcecode.swift; path = GetLocations.swift; sourceTree = "<group>"; };
		B861995A1EA9977C00E23B58 /* location_pin.png */ = {isa = PBXFileReference; lastKnownFileType = image.png; path = location_pin.png; sourceTree = "<group>"; };
		B88E52651E79398700BC4A35 /* icon_INGBank.png */ = {isa = PBXFileReference; lastKnownFileType = image.png; path = icon_INGBank.png; sourceTree = "<group>"; };
		B88E52661E79398700BC4A35 /* ING_Bank_logo.jpg */ = {isa = PBXFileReference; lastKnownFileType = image.jpeg; path = ING_Bank_logo.jpg; sourceTree = "<group>"; };
		B88E52671E79398700BC4A35 /* launch_INGBank.jpg */ = {isa = PBXFileReference; lastKnownFileType = image.jpeg; path = launch_INGBank.jpg; sourceTree = "<group>"; };
		B8986D751E7C0B14004913CE /* GoogleService-Info.plist */ = {isa = PBXFileReference; fileEncoding = 4; lastKnownFileType = text.plist.xml; path = "GoogleService-Info.plist"; sourceTree = "<group>"; };
		B8A819A21E9E944A0016B995 /* IntentHandler.swift */ = {isa = PBXFileReference; lastKnownFileType = sourcecode.swift; path = IntentHandler.swift; sourceTree = "<group>"; };
		B8A819A41E9E944A0016B995 /* Info.plist */ = {isa = PBXFileReference; lastKnownFileType = text.plist.xml; path = Info.plist; sourceTree = "<group>"; };
		B8A819AC1E9E944A0016B995 /* IntentViewController.swift */ = {isa = PBXFileReference; lastKnownFileType = sourcecode.swift; path = IntentViewController.swift; sourceTree = "<group>"; };
		B8A819AF1E9E944A0016B995 /* Base */ = {isa = PBXFileReference; lastKnownFileType = file.storyboard; name = Base; path = Base.lproj/MainInterface.storyboard; sourceTree = "<group>"; };
		B8A819B11E9E944A0016B995 /* Info.plist */ = {isa = PBXFileReference; lastKnownFileType = text.plist.xml; path = Info.plist; sourceTree = "<group>"; };
		B8C925691EA4086C0076D0A2 /* RemittanceController.swift */ = {isa = PBXFileReference; fileEncoding = 4; lastKnownFileType = sourcecode.swift; path = RemittanceController.swift; sourceTree = "<group>"; };
		B8C9256B1EA40F900076D0A2 /* ConfirmController.swift */ = {isa = PBXFileReference; fileEncoding = 4; lastKnownFileType = sourcecode.swift; path = ConfirmController.swift; sourceTree = "<group>"; };
		B8C9256D1EA4116C0076D0A2 /* Transaction.swift */ = {isa = PBXFileReference; fileEncoding = 4; lastKnownFileType = sourcecode.swift; path = Transaction.swift; sourceTree = "<group>"; };
		B8CC28AD1E99777D00BEE377 /* line.png */ = {isa = PBXFileReference; lastKnownFileType = image.png; name = line.png; path = BBCBank/line.png; sourceTree = "<group>"; };
		CE403F4799EF360C823852E1 /* Pods-BBCBank.debug.xcconfig */ = {isa = PBXFileReference; includeInIndex = 1; lastKnownFileType = text.xcconfig; name = "Pods-BBCBank.debug.xcconfig"; path = "Pods/Target Support Files/Pods-BBCBank/Pods-BBCBank.debug.xcconfig"; sourceTree = "<group>"; };
/* End PBXFileReference section */

/* Begin PBXFrameworksBuildPhase section */
		B82919521E79308A006146ED /* Frameworks */ = {
			isa = PBXFrameworksBuildPhase;
			buildActionMask = 2147483647;
			files = (
				B83807CD1E9E8D0A006C1FF4 /* Intents.framework in Frameworks */,
				B83807CB1E9E804A006C1FF4 /* MapKit.framework in Frameworks */,
				F5EB48D6D3710F3002179E23 /* Pods_BBCBank.framework in Frameworks */,
			);
			runOnlyForDeploymentPostprocessing = 0;
		};
/* End PBXFrameworksBuildPhase section */

/* Begin PBXGroup section */
		3B7D44CFBBF93B3915300D2B /* Frameworks */ = {
			isa = PBXGroup;
			children = (
				B83807CC1E9E8D0A006C1FF4 /* Intents.framework */,
				B83807CA1E9E804A006C1FF4 /* MapKit.framework */,
				29DCD21239E5FC994794031F /* Pods_BBCBank.framework */,
				5F54BBFDF30553E49336FA8C /* Pods_BBCBankTests.framework */,
				7E3FA709489A1B0A376C44EE /* Pods_BBCBankUITests.framework */,
				B83807DC1E9E8F38006C1FF4 /* IntentsUI.framework */,
			);
			name = Frameworks;
			sourceTree = "<group>";
		};
		53450C58F3818FC43B139EA3 /* Pods */ = {
			isa = PBXGroup;
			children = (
				CE403F4799EF360C823852E1 /* Pods-BBCBank.debug.xcconfig */,
				366E869C0AC8BAD965C39BA9 /* Pods-BBCBank.release.xcconfig */,
				07F2AE33E8127EBB1A98AEB5 /* Pods-BBCBankTests.debug.xcconfig */,
				04C923E9C1F12D8E265CCFC9 /* Pods-BBCBankTests.release.xcconfig */,
				6333E34AE6E28875CBC42DA4 /* Pods-BBCBankUITests.debug.xcconfig */,
				539D66EAD4C62EBEADFE6B3E /* Pods-BBCBankUITests.release.xcconfig */,
			);
			name = Pods;
			sourceTree = "<group>";
		};
		B829194C1E79308A006146ED = {
			isa = PBXGroup;
			children = (
				B861995A1EA9977C00E23B58 /* location_pin.png */,
				B80337B51E8DBAA500EB618D /* onay.jpg */,
				B88E52651E79398700BC4A35 /* icon_INGBank.png */,
				B88E52661E79398700BC4A35 /* ING_Bank_logo.jpg */,
				B88E52671E79398700BC4A35 /* launch_INGBank.jpg */,
				B8CC28AD1E99777D00BEE377 /* line.png */,
				B82919571E79308A006146ED /* BBCBank */,
				B82919701E79308A006146ED /* BBCBankTests */,
				B829197B1E79308A006146ED /* BBCBankUITests */,
				B8A819A11E9E944A0016B995 /* SiriExt */,
				B8A819AB1E9E944A0016B995 /* SiriExtUI */,
				B82919561E79308A006146ED /* Products */,
				53450C58F3818FC43B139EA3 /* Pods */,
				3B7D44CFBBF93B3915300D2B /* Frameworks */,
			);
			sourceTree = "<group>";
		};
		B82919561E79308A006146ED /* Products */ = {
			isa = PBXGroup;
			children = (
				B82919551E79308A006146ED /* BBCBank.app */,
			);
			name = Products;
			sourceTree = "<group>";
		};
		B82919571E79308A006146ED /* BBCBank */ = {
			isa = PBXGroup;
			children = (
				B83807C71E9E8030006C1FF4 /* BBCBank.entitlements */,
				B82919581E79308A006146ED /* AppDelegate.swift */,
				B83D6E0D1E7C4ABD00CD3DE7 /* LoginController.swift */,
				B80C83981E7C55F400165F0B /* MobilePINController.swift */,
				B80337B11E8D93BC00EB618D /* SuccessController.swift */,
				B80C83961E7C4F3900165F0B /* MainPageController.swift */,
				B842CC871E8B23610021E291 /* MobilePINRegisterController.swift */,
				B842CC8B1E8B2E6E0021E291 /* ShowMobilePINController.swift */,
				B8C9256B1EA40F900076D0A2 /* ConfirmController.swift */,
				B8C925691EA4086C0076D0A2 /* RemittanceController.swift */,
				B86199521EA9456400E23B58 /* MapController.swift */,
				B86199561EA98DC100E23B58 /* GetLocations.swift */,
				B842CC891E8B25E00021E291 /* User.swift */,
				B8C9256D1EA4116C0076D0A2 /* Transaction.swift */,
				B82919631E79308A006146ED /* Assets.xcassets */,
				B82919601E79308A006146ED /* Main.storyboard */,
				B82919651E79308A006146ED /* LaunchScreen.storyboard */,
				B8986D751E7C0B14004913CE /* GoogleService-Info.plist */,
				B82919681E79308A006146ED /* Info.plist */,
				B86199541EA98CD700E23B58 /* ATMLocations.plist */,
			);
			path = BBCBank;
			sourceTree = "<group>";
		};
		B82919701E79308A006146ED /* BBCBankTests */ = {
			isa = PBXGroup;
			children = (
				B82919711E79308A006146ED /* BBCBankTests.swift */,
				B82919731E79308A006146ED /* Info.plist */,
			);
			path = BBCBankTests;
			sourceTree = "<group>";
		};
		B829197B1E79308A006146ED /* BBCBankUITests */ = {
			isa = PBXGroup;
			children = (
				B829197C1E79308A006146ED /* BBCBankUITests.swift */,
				B829197E1E79308A006146ED /* Info.plist */,
			);
			path = BBCBankUITests;
			sourceTree = "<group>";
		};
		B8A819A11E9E944A0016B995 /* SiriExt */ = {
			isa = PBXGroup;
			children = (
				B8A819A21E9E944A0016B995 /* IntentHandler.swift */,
				B8A819A41E9E944A0016B995 /* Info.plist */,
			);
			path = SiriExt;
			sourceTree = "<group>";
		};
		B8A819AB1E9E944A0016B995 /* SiriExtUI */ = {
			isa = PBXGroup;
			children = (
				B8A819AC1E9E944A0016B995 /* IntentViewController.swift */,
				B8A819AE1E9E944A0016B995 /* MainInterface.storyboard */,
				B8A819B11E9E944A0016B995 /* Info.plist */,
			);
			path = SiriExtUI;
			sourceTree = "<group>";
		};
/* End PBXGroup section */

/* Begin PBXNativeTarget section */
		B82919541E79308A006146ED /* BBCBank */ = {
			isa = PBXNativeTarget;
			buildConfigurationList = B82919811E79308A006146ED /* Build configuration list for PBXNativeTarget "BBCBank" */;
			buildPhases = (
				D04B32DF5E5436884FE64C2C /* [CP] Check Pods Manifest.lock */,
				B82919511E79308A006146ED /* Sources */,
				B82919521E79308A006146ED /* Frameworks */,
				B82919531E79308A006146ED /* Resources */,
				4FE128D85C5B75FF28510950 /* [CP] Embed Pods Frameworks */,
				257E77070BC668790B825D9F /* [CP] Copy Pods Resources */,
				B8A819BE1E9E944A0016B995 /* Embed App Extensions */,
			);
			buildRules = (
			);
			dependencies = (
			);
			name = BBCBank;
			productName = BBCBank;
			productReference = B82919551E79308A006146ED /* BBCBank.app */;
			productType = "com.apple.product-type.application";
		};
/* End PBXNativeTarget section */

/* Begin PBXProject section */
		B829194D1E79308A006146ED /* Project object */ = {
			isa = PBXProject;
			attributes = {
				LastSwiftUpdateCheck = 0830;
				LastUpgradeCheck = 0820;
				ORGANIZATIONNAME = "Cansu Koçak";
				TargetAttributes = {
					B82919541E79308A006146ED = {
						CreatedOnToolsVersion = 8.2.1;
						DevelopmentTeam = 3673WZYU3N;
						ProvisioningStyle = Manual;
						SystemCapabilities = {
							com.apple.HealthKit = {
								enabled = 0;
							};
							com.apple.Maps.iOS = {
								enabled = 1;
							};
							com.apple.Siri = {
								enabled = 1;
							};
						};
					};
				};
			};
			buildConfigurationList = B82919501E79308A006146ED /* Build configuration list for PBXProject "BBCBank" */;
			compatibilityVersion = "Xcode 3.2";
			developmentRegion = English;
			hasScannedForEncodings = 0;
			knownRegions = (
				en,
				Base,
			);
			mainGroup = B829194C1E79308A006146ED;
			productRefGroup = B82919561E79308A006146ED /* Products */;
			projectDirPath = "";
			projectRoot = "";
			targets = (
				B82919541E79308A006146ED /* BBCBank */,
			);
		};
/* End PBXProject section */

/* Begin PBXResourcesBuildPhase section */
		B82919531E79308A006146ED /* Resources */ = {
			isa = PBXResourcesBuildPhase;
			buildActionMask = 2147483647;
			files = (
				B82919671E79308A006146ED /* LaunchScreen.storyboard in Resources */,
				B861995B1EA9977C00E23B58 /* location_pin.png in Resources */,
				B82919641E79308A006146ED /* Assets.xcassets in Resources */,
				B86199551EA98CD700E23B58 /* ATMLocations.plist in Resources */,
				B8CC28AE1E99777D00BEE377 /* line.png in Resources */,
				B88E526A1E79398700BC4A35 /* launch_INGBank.jpg in Resources */,
				B82919621E79308A006146ED /* Main.storyboard in Resources */,
				B88E52681E79398700BC4A35 /* icon_INGBank.png in Resources */,
				B88E52691E79398700BC4A35 /* ING_Bank_logo.jpg in Resources */,
				B80337B61E8DBAA500EB618D /* onay.jpg in Resources */,
				B8986D761E7C0B14004913CE /* GoogleService-Info.plist in Resources */,
			);
			runOnlyForDeploymentPostprocessing = 0;
		};
/* End PBXResourcesBuildPhase section */

/* Begin PBXShellScriptBuildPhase section */
		257E77070BC668790B825D9F /* [CP] Copy Pods Resources */ = {
			isa = PBXShellScriptBuildPhase;
			buildActionMask = 2147483647;
			files = (
			);
			inputPaths = (
			);
			name = "[CP] Copy Pods Resources";
			outputPaths = (
			);
			runOnlyForDeploymentPostprocessing = 0;
			shellPath = /bin/sh;
			shellScript = "\"${SRCROOT}/Pods/Target Support Files/Pods-BBCBank/Pods-BBCBank-resources.sh\"\n";
			showEnvVarsInLog = 0;
		};
		4FE128D85C5B75FF28510950 /* [CP] Embed Pods Frameworks */ = {
			isa = PBXShellScriptBuildPhase;
			buildActionMask = 2147483647;
			files = (
			);
			inputPaths = (
			);
			name = "[CP] Embed Pods Frameworks";
			outputPaths = (
			);
			runOnlyForDeploymentPostprocessing = 0;
			shellPath = /bin/sh;
			shellScript = "\"${SRCROOT}/Pods/Target Support Files/Pods-BBCBank/Pods-BBCBank-frameworks.sh\"\n";
			showEnvVarsInLog = 0;
		};
		D04B32DF5E5436884FE64C2C /* [CP] Check Pods Manifest.lock */ = {
			isa = PBXShellScriptBuildPhase;
			buildActionMask = 2147483647;
			files = (
			);
			inputPaths = (
			);
			name = "[CP] Check Pods Manifest.lock";
			outputPaths = (
			);
			runOnlyForDeploymentPostprocessing = 0;
			shellPath = /bin/sh;
			shellScript = "diff \"${PODS_ROOT}/../Podfile.lock\" \"${PODS_ROOT}/Manifest.lock\" > /dev/null\nif [ $? != 0 ] ; then\n    # print error to STDERR\n    echo \"error: The sandbox is not in sync with the Podfile.lock. Run 'pod install' or update your CocoaPods installation.\" >&2\n    exit 1\nfi\n";
			showEnvVarsInLog = 0;
		};
/* End PBXShellScriptBuildPhase section */

/* Begin PBXSourcesBuildPhase section */
		B82919511E79308A006146ED /* Sources */ = {
			isa = PBXSourcesBuildPhase;
			buildActionMask = 2147483647;
			files = (
				B8C9256E1EA4116C0076D0A2 /* Transaction.swift in Sources */,
				B842CC881E8B23610021E291 /* MobilePINRegisterController.swift in Sources */,
				B80C83971E7C4F3900165F0B /* MainPageController.swift in Sources */,
				B86199571EA98DC100E23B58 /* GetLocations.swift in Sources */,
				B82919591E79308A006146ED /* AppDelegate.swift in Sources */,
				B86199531EA9456400E23B58 /* MapController.swift in Sources */,
				B80337B21E8D93BC00EB618D /* SuccessController.swift in Sources */,
				B83D6E0E1E7C4ABD00CD3DE7 /* LoginController.swift in Sources */,
				B8C9256A1EA4086C0076D0A2 /* RemittanceController.swift in Sources */,
				B842CC8C1E8B2E6E0021E291 /* ShowMobilePINController.swift in Sources */,
				B80C83991E7C55F400165F0B /* MobilePINController.swift in Sources */,
				B842CC8A1E8B25E00021E291 /* User.swift in Sources */,
				B8C9256C1EA40F900076D0A2 /* ConfirmController.swift in Sources */,
			);
			runOnlyForDeploymentPostprocessing = 0;
		};
/* End PBXSourcesBuildPhase section */

/* Begin PBXVariantGroup section */
		B82919601E79308A006146ED /* Main.storyboard */ = {
			isa = PBXVariantGroup;
			children = (
				B82919611E79308A006146ED /* Base */,
			);
			name = Main.storyboard;
			sourceTree = "<group>";
		};
		B82919651E79308A006146ED /* LaunchScreen.storyboard */ = {
			isa = PBXVariantGroup;
			children = (
				B82919661E79308A006146ED /* Base */,
			);
			name = LaunchScreen.storyboard;
			sourceTree = "<group>";
		};
		B8A819AE1E9E944A0016B995 /* MainInterface.storyboard */ = {
			isa = PBXVariantGroup;
			children = (
				B8A819AF1E9E944A0016B995 /* Base */,
			);
			name = MainInterface.storyboard;
			sourceTree = "<group>";
		};
/* End PBXVariantGroup section */

/* Begin XCBuildConfiguration section */
		B829197F1E79308A006146ED /* Debug */ = {
			isa = XCBuildConfiguration;
			buildSettings = {
				ALWAYS_SEARCH_USER_PATHS = NO;
				CLANG_ANALYZER_NONNULL = YES;
				CLANG_CXX_LANGUAGE_STANDARD = "gnu++0x";
				CLANG_CXX_LIBRARY = "libc++";
				CLANG_ENABLE_MODULES = YES;
				CLANG_ENABLE_OBJC_ARC = YES;
				CLANG_WARN_BOOL_CONVERSION = YES;
				CLANG_WARN_CONSTANT_CONVERSION = YES;
				CLANG_WARN_DIRECT_OBJC_ISA_USAGE = YES_ERROR;
				CLANG_WARN_DOCUMENTATION_COMMENTS = YES;
				CLANG_WARN_EMPTY_BODY = YES;
				CLANG_WARN_ENUM_CONVERSION = YES;
				CLANG_WARN_INFINITE_RECURSION = YES;
				CLANG_WARN_INT_CONVERSION = YES;
				CLANG_WARN_OBJC_ROOT_CLASS = YES_ERROR;
				CLANG_WARN_SUSPICIOUS_MOVE = YES;
				CLANG_WARN_UNREACHABLE_CODE = YES;
				CLANG_WARN__DUPLICATE_METHOD_MATCH = YES;
				"CODE_SIGN_IDENTITY[sdk=iphoneos*]" = "iPhone Developer";
				COPY_PHASE_STRIP = NO;
				DEBUG_INFORMATION_FORMAT = dwarf;
				ENABLE_STRICT_OBJC_MSGSEND = YES;
				ENABLE_TESTABILITY = YES;
				GCC_C_LANGUAGE_STANDARD = gnu99;
				GCC_DYNAMIC_NO_PIC = NO;
				GCC_NO_COMMON_BLOCKS = YES;
				GCC_OPTIMIZATION_LEVEL = 0;
				GCC_PREPROCESSOR_DEFINITIONS = (
					"DEBUG=1",
					"$(inherited)",
				);
				GCC_WARN_64_TO_32_BIT_CONVERSION = YES;
				GCC_WARN_ABOUT_RETURN_TYPE = YES_ERROR;
				GCC_WARN_UNDECLARED_SELECTOR = YES;
				GCC_WARN_UNINITIALIZED_AUTOS = YES_AGGRESSIVE;
				GCC_WARN_UNUSED_FUNCTION = YES;
				GCC_WARN_UNUSED_VARIABLE = YES;
				IPHONEOS_DEPLOYMENT_TARGET = 10.3;
				MTL_ENABLE_DEBUG_INFO = YES;
				ONLY_ACTIVE_ARCH = YES;
				SDKROOT = iphoneos;
				SWIFT_ACTIVE_COMPILATION_CONDITIONS = DEBUG;
				SWIFT_OPTIMIZATION_LEVEL = "-Onone";
				TARGETED_DEVICE_FAMILY = "1,2";
			};
			name = Debug;
		};
		B82919801E79308A006146ED /* Release */ = {
			isa = XCBuildConfiguration;
			buildSettings = {
				ALWAYS_SEARCH_USER_PATHS = NO;
				CLANG_ANALYZER_NONNULL = YES;
				CLANG_CXX_LANGUAGE_STANDARD = "gnu++0x";
				CLANG_CXX_LIBRARY = "libc++";
				CLANG_ENABLE_MODULES = YES;
				CLANG_ENABLE_OBJC_ARC = YES;
				CLANG_WARN_BOOL_CONVERSION = YES;
				CLANG_WARN_CONSTANT_CONVERSION = YES;
				CLANG_WARN_DIRECT_OBJC_ISA_USAGE = YES_ERROR;
				CLANG_WARN_DOCUMENTATION_COMMENTS = YES;
				CLANG_WARN_EMPTY_BODY = YES;
				CLANG_WARN_ENUM_CONVERSION = YES;
				CLANG_WARN_INFINITE_RECURSION = YES;
				CLANG_WARN_INT_CONVERSION = YES;
				CLANG_WARN_OBJC_ROOT_CLASS = YES_ERROR;
				CLANG_WARN_SUSPICIOUS_MOVE = YES;
				CLANG_WARN_UNREACHABLE_CODE = YES;
				CLANG_WARN__DUPLICATE_METHOD_MATCH = YES;
				"CODE_SIGN_IDENTITY[sdk=iphoneos*]" = "iPhone Developer";
				COPY_PHASE_STRIP = NO;
				DEBUG_INFORMATION_FORMAT = "dwarf-with-dsym";
				ENABLE_NS_ASSERTIONS = NO;
				ENABLE_STRICT_OBJC_MSGSEND = YES;
				GCC_C_LANGUAGE_STANDARD = gnu99;
				GCC_NO_COMMON_BLOCKS = YES;
				GCC_WARN_64_TO_32_BIT_CONVERSION = YES;
				GCC_WARN_ABOUT_RETURN_TYPE = YES_ERROR;
				GCC_WARN_UNDECLARED_SELECTOR = YES;
				GCC_WARN_UNINITIALIZED_AUTOS = YES_AGGRESSIVE;
				GCC_WARN_UNUSED_FUNCTION = YES;
				GCC_WARN_UNUSED_VARIABLE = YES;
				IPHONEOS_DEPLOYMENT_TARGET = 10.3;
				MTL_ENABLE_DEBUG_INFO = NO;
				SDKROOT = iphoneos;
				SWIFT_OPTIMIZATION_LEVEL = "-Owholemodule";
				TARGETED_DEVICE_FAMILY = "1,2";
				VALIDATE_PRODUCT = YES;
			};
			name = Release;
		};
		B82919821E79308A006146ED /* Debug */ = {
			isa = XCBuildConfiguration;
			baseConfigurationReference = CE403F4799EF360C823852E1 /* Pods-BBCBank.debug.xcconfig */;
			buildSettings = {
				ALWAYS_EMBED_SWIFT_STANDARD_LIBRARIES = YES;
				ASSETCATALOG_COMPILER_APPICON_NAME = AppIcon;
				CODE_SIGN_ENTITLEMENTS = BBCBank/BBCBank.entitlements;
				"CODE_SIGN_IDENTITY[sdk=iphoneos*]" = "iPhone Developer: Hakan Yildizay (V3UG56MFY7)";
				DEVELOPMENT_TEAM = 3673WZYU3N;
				INFOPLIST_FILE = BBCBank/Info.plist;
				LD_RUNPATH_SEARCH_PATHS = "$(inherited) @executable_path/Frameworks";
				PRODUCT_BUNDLE_IDENTIFIER = com.kocuni.finalProject;
				PRODUCT_NAME = "$(TARGET_NAME)";
				PROVISIONING_PROFILE = "f3e8205b-fe85-49e9-ab7f-1684639ef4ff";
				PROVISIONING_PROFILE_SPECIFIER = KocUniFinalProject_DevelopmentProfile;
				SWIFT_VERSION = 3.0;
				TARGETED_DEVICE_FAMILY = "1,2";
			};
			name = Debug;
		};
		B82919831E79308A006146ED /* Release */ = {
			isa = XCBuildConfiguration;
			baseConfigurationReference = 366E869C0AC8BAD965C39BA9 /* Pods-BBCBank.release.xcconfig */;
			buildSettings = {
				ALWAYS_EMBED_SWIFT_STANDARD_LIBRARIES = YES;
				ASSETCATALOG_COMPILER_APPICON_NAME = AppIcon;
				CODE_SIGN_ENTITLEMENTS = BBCBank/BBCBank.entitlements;
				"CODE_SIGN_IDENTITY[sdk=iphoneos*]" = "iPhone Developer";
				DEVELOPMENT_TEAM = "";
				INFOPLIST_FILE = BBCBank/Info.plist;
				LD_RUNPATH_SEARCH_PATHS = "$(inherited) @executable_path/Frameworks";
				PRODUCT_BUNDLE_IDENTIFIER = com.kocuni.finalProject;
				PRODUCT_NAME = "$(TARGET_NAME)";
				PROVISIONING_PROFILE_SPECIFIER = "";
				SWIFT_VERSION = 3.0;
				TARGETED_DEVICE_FAMILY = "1,2";
			};
			name = Release;
		};
/* End XCBuildConfiguration section */

/* Begin XCConfigurationList section */
		B82919501E79308A006146ED /* Build configuration list for PBXProject "BBCBank" */ = {
			isa = XCConfigurationList;
			buildConfigurations = (
				B829197F1E79308A006146ED /* Debug */,
				B82919801E79308A006146ED /* Release */,
			);
			defaultConfigurationIsVisible = 0;
			defaultConfigurationName = Release;
		};
		B82919811E79308A006146ED /* Build configuration list for PBXNativeTarget "BBCBank" */ = {
			isa = XCConfigurationList;
			buildConfigurations = (
				B82919821E79308A006146ED /* Debug */,
				B82919831E79308A006146ED /* Release */,
			);
			defaultConfigurationIsVisible = 0;
			defaultConfigurationName = Release;
		};
/* End XCConfigurationList section */
	};
	rootObject = B829194D1E79308A006146ED /* Project object */;
}
